// !$*UTF8*$!
{
	archiveVersion = 1;
	classes = {
	};
	objectVersion = 46;
	objects = {

/* Begin PBXBuildFile section */
		CF11B5491D917ECF00BC817D /* AppDelegate.swift in Sources */ = {isa = PBXBuildFile; fileRef = CF11B5481D917ECF00BC817D /* AppDelegate.swift */; };
		CF11B54E1D917ECF00BC817D /* Main.storyboard in Resources */ = {isa = PBXBuildFile; fileRef = CF11B54C1D917ECF00BC817D /* Main.storyboard */; };
		CF11B5501D917ECF00BC817D /* Assets.xcassets in Resources */ = {isa = PBXBuildFile; fileRef = CF11B54F1D917ECF00BC817D /* Assets.xcassets */; };
		CF11B5531D917ECF00BC817D /* LaunchScreen.storyboard in Resources */ = {isa = PBXBuildFile; fileRef = CF11B5511D917ECF00BC817D /* LaunchScreen.storyboard */; };
		CF11B55C1D91845000BC817D /* SwiftyJSON.swift in Sources */ = {isa = PBXBuildFile; fileRef = CF11B55B1D91845000BC817D /* SwiftyJSON.swift */; };
		CF11B5601D9187D400BC817D /* TableVC.swift in Sources */ = {isa = PBXBuildFile; fileRef = CF11B55F1D9187D400BC817D /* TableVC.swift */; };
		CF11B5621D918ACF00BC817D /* Quizzes.swift in Sources */ = {isa = PBXBuildFile; fileRef = CF11B5611D918ACF00BC817D /* Quizzes.swift */; };
		CFCFB57A1D92504F007E5515 /* FirstVC.swift in Sources */ = {isa = PBXBuildFile; fileRef = CFCFB5791D92504F007E5515 /* FirstVC.swift */; };
		CFCFB57E1D925BDC007E5515 /* BrowserContentVC.swift in Sources */ = {isa = PBXBuildFile; fileRef = CFCFB57D1D925BDC007E5515 /* BrowserContentVC.swift */; };
		CFCFB5801D925CDB007E5515 /* BrowserVC.swift in Sources */ = {isa = PBXBuildFile; fileRef = CFCFB57F1D925CDB007E5515 /* BrowserVC.swift */; };
		CFCFB5821D92D582007E5515 /* TaskVC.swift in Sources */ = {isa = PBXBuildFile; fileRef = CFCFB5811D92D582007E5515 /* TaskVC.swift */; };
		CFCFB5891D92DB6B007E5515 /* Button1.swift in Sources */ = {isa = PBXBuildFile; fileRef = CFCFB5881D92DB6B007E5515 /* Button1.swift */; };
		CFCFB58D1D92DDC5007E5515 /* GradientBackground.swift in Sources */ = {isa = PBXBuildFile; fileRef = CFCFB58C1D92DDC5007E5515 /* GradientBackground.swift */; };
		CFCFB58F1D9300C1007E5515 /* Quiz.swift in Sources */ = {isa = PBXBuildFile; fileRef = CFCFB58E1D9300C1007E5515 /* Quiz.swift */; };
		CFCFB5911D93E47B007E5515 /* Player.swift in Sources */ = {isa = PBXBuildFile; fileRef = CFCFB5901D93E47B007E5515 /* Player.swift */; };
/* End PBXBuildFile section */

/* Begin PBXFileReference section */
		CF11B5451D917ECF00BC817D /* Quiz.app */ = {isa = PBXFileReference; explicitFileType = wrapper.application; includeInIndex = 0; path = Quiz.app; sourceTree = BUILT_PRODUCTS_DIR; };
		CF11B5481D917ECF00BC817D /* AppDelegate.swift */ = {isa = PBXFileReference; lastKnownFileType = sourcecode.swift; path = AppDelegate.swift; sourceTree = "<group>"; };
		CF11B54D1D917ECF00BC817D /* Base */ = {isa = PBXFileReference; lastKnownFileType = file.storyboard; name = Base; path = Base.lproj/Main.storyboard; sourceTree = "<group>"; };
		CF11B54F1D917ECF00BC817D /* Assets.xcassets */ = {isa = PBXFileReference; lastKnownFileType = folder.assetcatalog; path = Assets.xcassets; sourceTree = "<group>"; };
		CF11B5521D917ECF00BC817D /* Base */ = {isa = PBXFileReference; lastKnownFileType = file.storyboard; name = Base; path = Base.lproj/LaunchScreen.storyboard; sourceTree = "<group>"; };
		CF11B5541D917ECF00BC817D /* Info.plist */ = {isa = PBXFileReference; lastKnownFileType = text.plist.xml; path = Info.plist; sourceTree = "<group>"; };
		CF11B55B1D91845000BC817D /* SwiftyJSON.swift */ = {isa = PBXFileReference; fileEncoding = 4; lastKnownFileType = sourcecode.swift; path = SwiftyJSON.swift; sourceTree = "<group>"; };
		CF11B55F1D9187D400BC817D /* TableVC.swift */ = {isa = PBXFileReference; fileEncoding = 4; lastKnownFileType = sourcecode.swift; path = TableVC.swift; sourceTree = "<group>"; };
		CF11B5611D918ACF00BC817D /* Quizzes.swift */ = {isa = PBXFileReference; fileEncoding = 4; lastKnownFileType = sourcecode.swift; path = Quizzes.swift; sourceTree = "<group>"; };
		CFCFB5791D92504F007E5515 /* FirstVC.swift */ = {isa = PBXFileReference; fileEncoding = 4; lastKnownFileType = sourcecode.swift; path = FirstVC.swift; sourceTree = "<group>"; };
		CFCFB57D1D925BDC007E5515 /* BrowserContentVC.swift */ = {isa = PBXFileReference; fileEncoding = 4; lastKnownFileType = sourcecode.swift; path = BrowserContentVC.swift; sourceTree = "<group>"; };
		CFCFB57F1D925CDB007E5515 /* BrowserVC.swift */ = {isa = PBXFileReference; fileEncoding = 4; lastKnownFileType = sourcecode.swift; path = BrowserVC.swift; sourceTree = "<group>"; };
		CFCFB5811D92D582007E5515 /* TaskVC.swift */ = {isa = PBXFileReference; fileEncoding = 4; lastKnownFileType = sourcecode.swift; path = TaskVC.swift; sourceTree = "<group>"; };
		CFCFB5881D92DB6B007E5515 /* Button1.swift */ = {isa = PBXFileReference; fileEncoding = 4; lastKnownFileType = sourcecode.swift; path = Button1.swift; sourceTree = "<group>"; };
		CFCFB58C1D92DDC5007E5515 /* GradientBackground.swift */ = {isa = PBXFileReference; fileEncoding = 4; lastKnownFileType = sourcecode.swift; path = GradientBackground.swift; sourceTree = "<group>"; };
		CFCFB58E1D9300C1007E5515 /* Quiz.swift */ = {isa = PBXFileReference; fileEncoding = 4; lastKnownFileType = sourcecode.swift; path = Quiz.swift; sourceTree = "<group>"; };
		CFCFB5901D93E47B007E5515 /* Player.swift */ = {isa = PBXFileReference; fileEncoding = 4; lastKnownFileType = sourcecode.swift; path = Player.swift; sourceTree = "<group>"; };
/* End PBXFileReference section */

/* Begin PBXFrameworksBuildPhase section */
		CF11B5421D917ECF00BC817D /* Frameworks */ = {
			isa = PBXFrameworksBuildPhase;
			buildActionMask = 2147483647;
			files = (
			);
			runOnlyForDeploymentPostprocessing = 0;
		};
/* End PBXFrameworksBuildPhase section */

/* Begin PBXGroup section */
		CF11B53C1D917ECE00BC817D = {
			isa = PBXGroup;
			children = (
				CF11B5471D917ECF00BC817D /* Quiz */,
				CF11B5461D917ECF00BC817D /* Products */,
			);
			sourceTree = "<group>";
		};
		CF11B5461D917ECF00BC817D /* Products */ = {
			isa = PBXGroup;
			children = (
				CF11B5451D917ECF00BC817D /* Quiz.app */,
			);
			name = Products;
			sourceTree = "<group>";
		};
		CF11B5471D917ECF00BC817D /* Quiz */ = {
			isa = PBXGroup;
			children = (
				CF11B54C1D917ECF00BC817D /* Main.storyboard */,
				CF11B5481D917ECF00BC817D /* AppDelegate.swift */,
				CFCFB5841D92D5BE007E5515 /* Models */,
				CFCFB5831D92D5AB007E5515 /* Controllers */,
				CFCFB5871D92D9DE007E5515 /* Layers */,
				CF11B55A1D9180E000BC817D /* Resources */,
			);
			path = Quiz;
			sourceTree = "<group>";
		};
		CF11B55A1D9180E000BC817D /* Resources */ = {
			isa = PBXGroup;
			children = (
				CF11B55B1D91845000BC817D /* SwiftyJSON.swift */,
				CF11B54F1D917ECF00BC817D /* Assets.xcassets */,
				CF11B5511D917ECF00BC817D /* LaunchScreen.storyboard */,
				CF11B5541D917ECF00BC817D /* Info.plist */,
			);
			name = Resources;
			sourceTree = "<group>";
		};
		CFCFB5831D92D5AB007E5515 /* Controllers */ = {
			isa = PBXGroup;
			children = (
				CFCFB5791D92504F007E5515 /* FirstVC.swift */,
				CF11B55F1D9187D400BC817D /* TableVC.swift */,
				CFCFB57F1D925CDB007E5515 /* BrowserVC.swift */,
				CFCFB57D1D925BDC007E5515 /* BrowserContentVC.swift */,
				CFCFB5811D92D582007E5515 /* TaskVC.swift */,
			);
			name = Controllers;
			sourceTree = "<group>";
		};
		CFCFB5841D92D5BE007E5515 /* Models */ = {
			isa = PBXGroup;
			children = (
				CF11B5611D918ACF00BC817D /* Quizzes.swift */,
				CFCFB58E1D9300C1007E5515 /* Quiz.swift */,
				CFCFB5901D93E47B007E5515 /* Player.swift */,
			);
			name = Models;
			sourceTree = "<group>";
		};
		CFCFB5871D92D9DE007E5515 /* Layers */ = {
			isa = PBXGroup;
			children = (
				CFCFB5881D92DB6B007E5515 /* Button1.swift */,
				CFCFB58C1D92DDC5007E5515 /* GradientBackground.swift */,
			);
			name = Layers;
			sourceTree = "<group>";
		};
/* End PBXGroup section */

/* Begin PBXNativeTarget section */
		CF11B5441D917ECF00BC817D /* Quiz */ = {
			isa = PBXNativeTarget;
			buildConfigurationList = CF11B5571D917ECF00BC817D /* Build configuration list for PBXNativeTarget "Quiz" */;
			buildPhases = (
				CF11B5411D917ECF00BC817D /* Sources */,
				CF11B5421D917ECF00BC817D /* Frameworks */,
				CF11B5431D917ECF00BC817D /* Resources */,
			);
			buildRules = (
			);
			dependencies = (
			);
			name = Quiz;
			productName = Quiz;
			productReference = CF11B5451D917ECF00BC817D /* Quiz.app */;
			productType = "com.apple.product-type.application";
		};
/* End PBXNativeTarget section */

/* Begin PBXProject section */
		CF11B53D1D917ECE00BC817D /* Project object */ = {
			isa = PBXProject;
			attributes = {
				LastSwiftUpdateCheck = 0800;
				LastUpgradeCheck = 0800;
				ORGANIZATIONNAME = "Krzysztof Lech";
				TargetAttributes = {
					CF11B5441D917ECF00BC817D = {
						CreatedOnToolsVersion = 8.0;
						DevelopmentTeam = 2UGBQYC9Y9;
						ProvisioningStyle = Automatic;
					};
				};
			};
			buildConfigurationList = CF11B5401D917ECE00BC817D /* Build configuration list for PBXProject "Quiz" */;
			compatibilityVersion = "Xcode 3.2";
			developmentRegion = English;
			hasScannedForEncodings = 0;
			knownRegions = (
				en,
				Base,
			);
			mainGroup = CF11B53C1D917ECE00BC817D;
			productRefGroup = CF11B5461D917ECF00BC817D /* Products */;
			projectDirPath = "";
			projectRoot = "";
			targets = (
				CF11B5441D917ECF00BC817D /* Quiz */,
			);
		};
/* End PBXProject section */

/* Begin PBXResourcesBuildPhase section */
		CF11B5431D917ECF00BC817D /* Resources */ = {
			isa = PBXResourcesBuildPhase;
			buildActionMask = 2147483647;
			files = (
				CF11B5531D917ECF00BC817D /* LaunchScreen.storyboard in Resources */,
				CF11B5501D917ECF00BC817D /* Assets.xcassets in Resources */,
				CF11B54E1D917ECF00BC817D /* Main.storyboard in Resources */,
			);
			runOnlyForDeploymentPostprocessing = 0;
		};
/* End PBXResourcesBuildPhase section */

/* Begin PBXSourcesBuildPhase section */
		CF11B5411D917ECF00BC817D /* Sources */ = {
			isa = PBXSourcesBuildPhase;
			buildActionMask = 2147483647;
			files = (
				CF11B55C1D91845000BC817D /* SwiftyJSON.swift in Sources */,
				CF11B5601D9187D400BC817D /* TableVC.swift in Sources */,
				CF11B5621D918ACF00BC817D /* Quizzes.swift in Sources */,
				CFCFB5821D92D582007E5515 /* TaskVC.swift in Sources */,
				CFCFB5911D93E47B007E5515 /* Player.swift in Sources */,
				CFCFB5891D92DB6B007E5515 /* Button1.swift in Sources */,
				CFCFB58D1D92DDC5007E5515 /* GradientBackground.swift in Sources */,
				CFCFB57A1D92504F007E5515 /* FirstVC.swift in Sources */,
				CFCFB58F1D9300C1007E5515 /* Quiz.swift in Sources */,
				CFCFB57E1D925BDC007E5515 /* BrowserContentVC.swift in Sources */,
				CF11B5491D917ECF00BC817D /* AppDelegate.swift in Sources */,
				CFCFB5801D925CDB007E5515 /* BrowserVC.swift in Sources */,
			);
			runOnlyForDeploymentPostprocessing = 0;
		};
/* End PBXSourcesBuildPhase section */

/* Begin PBXVariantGroup section */
		CF11B54C1D917ECF00BC817D /* Main.storyboard */ = {
			isa = PBXVariantGroup;
			children = (
				CF11B54D1D917ECF00BC817D /* Base */,
			);
			name = Main.storyboard;
			sourceTree = "<group>";
		};
		CF11B5511D917ECF00BC817D /* LaunchScreen.storyboard */ = {
			isa = PBXVariantGroup;
			children = (
				CF11B5521D917ECF00BC817D /* Base */,
			);
			name = LaunchScreen.storyboard;
			sourceTree = "<group>";
		};
/* End PBXVariantGroup section */

/* Begin XCBuildConfiguration section */
		CF11B5551D917ECF00BC817D /* Debug */ = {
			isa = XCBuildConfiguration;
			buildSettings = {
				ALWAYS_SEARCH_USER_PATHS = NO;
				CLANG_ANALYZER_NONNULL = YES;
				CLANG_CXX_LANGUAGE_STANDARD = "gnu++0x";
				CLANG_CXX_LIBRARY = "libc++";
				CLANG_ENABLE_MODULES = YES;
				CLANG_ENABLE_OBJC_ARC = YES;
				CLANG_WARN_BOOL_CONVERSION = YES;
				CLANG_WARN_CONSTANT_CONVERSION = YES;
				CLANG_WARN_DIRECT_OBJC_ISA_USAGE = YES_ERROR;
				CLANG_WARN_DOCUMENTATION_COMMENTS = YES;
				CLANG_WARN_EMPTY_BODY = YES;
				CLANG_WARN_ENUM_CONVERSION = YES;
				CLANG_WARN_INFINITE_RECURSION = YES;
				CLANG_WARN_INT_CONVERSION = YES;
				CLANG_WARN_OBJC_ROOT_CLASS = YES_ERROR;
				CLANG_WARN_SUSPICIOUS_MOVES = YES;
				CLANG_WARN_UNREACHABLE_CODE = YES;
				CLANG_WARN__DUPLICATE_METHOD_MATCH = YES;
				"CODE_SIGN_IDENTITY[sdk=iphoneos*]" = "iPhone Developer";
				COPY_PHASE_STRIP = NO;
				DEBUG_INFORMATION_FORMAT = dwarf;
				ENABLE_STRICT_OBJC_MSGSEND = YES;
				ENABLE_TESTABILITY = YES;
				GCC_C_LANGUAGE_STANDARD = gnu99;
				GCC_DYNAMIC_NO_PIC = NO;
				GCC_NO_COMMON_BLOCKS = YES;
				GCC_OPTIMIZATION_LEVEL = 0;
				GCC_PREPROCESSOR_DEFINITIONS = (
					"DEBUG=1",
					"$(inherited)",
				);
				GCC_WARN_64_TO_32_BIT_CONVERSION = YES;
				GCC_WARN_ABOUT_RETURN_TYPE = YES_ERROR;
				GCC_WARN_UNDECLARED_SELECTOR = YES;
				GCC_WARN_UNINITIALIZED_AUTOS = YES_AGGRESSIVE;
				GCC_WARN_UNUSED_FUNCTION = YES;
				GCC_WARN_UNUSED_VARIABLE = YES;
				IPHONEOS_DEPLOYMENT_TARGET = 10.0;
				MTL_ENABLE_DEBUG_INFO = YES;
				ONLY_ACTIVE_ARCH = YES;
				SDKROOT = iphoneos;
				SWIFT_ACTIVE_COMPILATION_CONDITIONS = DEBUG;
				SWIFT_OPTIMIZATION_LEVEL = "-Onone";
				TARGETED_DEVICE_FAMILY = "1,2";
			};
			name = Debug;
		};
		CF11B5561D917ECF00BC817D /* Release */ = {
			isa = XCBuildConfiguration;
			buildSettings = {
				ALWAYS_SEARCH_USER_PATHS = NO;
				CLANG_ANALYZER_NONNULL = YES;
				CLANG_CXX_LANGUAGE_STANDARD = "gnu++0x";
				CLANG_CXX_LIBRARY = "libc++";
				CLANG_ENABLE_MODULES = YES;
				CLANG_ENABLE_OBJC_ARC = YES;
				CLANG_WARN_BOOL_CONVERSION = YES;
				CLANG_WARN_CONSTANT_CONVERSION = YES;
				CLANG_WARN_DIRECT_OBJC_ISA_USAGE = YES_ERROR;
				CLANG_WARN_DOCUMENTATION_COMMENTS = YES;
				CLANG_WARN_EMPTY_BODY = YES;
				CLANG_WARN_ENUM_CONVERSION = YES;
				CLANG_WARN_INFINITE_RECURSION = YES;
				CLANG_WARN_INT_CONVERSION = YES;
				CLANG_WARN_OBJC_ROOT_CLASS = YES_ERROR;
				CLANG_WARN_SUSPICIOUS_MOVES = YES;
				CLANG_WARN_UNREACHABLE_CODE = YES;
				CLANG_WARN__DUPLICATE_METHOD_MATCH = YES;
				"CODE_SIGN_IDENTITY[sdk=iphoneos*]" = "iPhone Developer";
				COPY_PHASE_STRIP = NO;
				DEBUG_INFORMATION_FORMAT = "dwarf-with-dsym";
				ENABLE_NS_ASSERTIONS = NO;
				ENABLE_STRICT_OBJC_MSGSEND = YES;
				GCC_C_LANGUAGE_STANDARD = gnu99;
				GCC_NO_COMMON_BLOCKS = YES;
				GCC_WARN_64_TO_32_BIT_CONVERSION = YES;
				GCC_WARN_ABOUT_RETURN_TYPE = YES_ERROR;
				GCC_WARN_UNDECLARED_SELECTOR = YES;
				GCC_WARN_UNINITIALIZED_AUTOS = YES_AGGRESSIVE;
				GCC_WARN_UNUSED_FUNCTION = YES;
				GCC_WARN_UNUSED_VARIABLE = YES;
				IPHONEOS_DEPLOYMENT_TARGET = 10.0;
				MTL_ENABLE_DEBUG_INFO = NO;
				SDKROOT = iphoneos;
				SWIFT_OPTIMIZATION_LEVEL = "-Owholemodule";
				TARGETED_DEVICE_FAMILY = "1,2";
				VALIDATE_PRODUCT = YES;
			};
			name = Release;
		};
		CF11B5581D917ECF00BC817D /* Debug */ = {
			isa = XCBuildConfiguration;
			buildSettings = {
				ASSETCATALOG_COMPILER_APPICON_NAME = AppIcon;
				DEVELOPMENT_TEAM = 2UGBQYC9Y9;
				INFOPLIST_FILE = Quiz/Info.plist;
				IPHONEOS_DEPLOYMENT_TARGET = 8.0;
				LD_RUNPATH_SEARCH_PATHS = "$(inherited) @executable_path/Frameworks";
				PRODUCT_BUNDLE_IDENTIFIER = pl.czanygrom.Quiz;
				PRODUCT_NAME = "$(TARGET_NAME)";
				SWIFT_VERSION = 3.0;
			};
			name = Debug;
		};
		CF11B5591D917ECF00BC817D /* Release */ = {
			isa = XCBuildConfiguration;
			buildSettings = {
				ASSETCATALOG_COMPILER_APPICON_NAME = AppIcon;
				DEVELOPMENT_TEAM = 2UGBQYC9Y9;
				INFOPLIST_FILE = Quiz/Info.plist;
				IPHONEOS_DEPLOYMENT_TARGET = 8.0;
				LD_RUNPATH_SEARCH_PATHS = "$(inherited) @executable_path/Frameworks";
				PRODUCT_BUNDLE_IDENTIFIER = pl.czanygrom.Quiz;
				PRODUCT_NAME = "$(TARGET_NAME)";
				SWIFT_VERSION = 3.0;
			};
			name = Release;
		};
/* End XCBuildConfiguration section */

/* Begin XCConfigurationList section */
		CF11B5401D917ECE00BC817D /* Build configuration list for PBXProject "Quiz" */ = {
			isa = XCConfigurationList;
			buildConfigurations = (
				CF11B5551D917ECF00BC817D /* Debug */,
				CF11B5561D917ECF00BC817D /* Release */,
			);
			defaultConfigurationIsVisible = 0;
			defaultConfigurationName = Release;
		};
		CF11B5571D917ECF00BC817D /* Build configuration list for PBXNativeTarget "Quiz" */ = {
			isa = XCConfigurationList;
			buildConfigurations = (
				CF11B5581D917ECF00BC817D /* Debug */,
				CF11B5591D917ECF00BC817D /* Release */,
			);
			defaultConfigurationIsVisible = 0;
			defaultConfigurationName = Release;
		};
/* End XCConfigurationList section */
	};
	rootObject = CF11B53D1D917ECE00BC817D /* Project object */;
}
